
Microsoft Visual Studio Solution File, Format Version 12.00
# Visual Studio 14
VisualStudioVersion = 14.0.24720.0
MinimumVisualStudioVersion = 10.0.40219.1
Project("{FAE04EC0-301F-11D3-BF4B-00C04F79EFBC}") = "myBar", "myBar\myBar.csproj", "{2123D320-01E8-422B-A708-DD794C8C740C}"
EndProject
Global
	GlobalSection(SolutionConfigurationPlatforms) = preSolution
		Debug|Any CPU = Debug|Any CPU
		Release|Any CPU = Release|Any CPU
	EndGlobalSection
	GlobalSection(ProjectConfigurationPlatforms) = postSolution
		{2123D320-01E8-422B-A708-DD794C8C740C}.Debug|Any CPU.ActiveCfg = Debug|Any CPU
		{2123D320-01E8-422B-A708-DD794C8C740C}.Debug|Any CPU.Build.0 = Debug|Any CPU
		{2123D320-01E8-422B-A708-DD794C8C740C}.Release|Any CPU.ActiveCfg = Release|Any CPU
		{2123D320-01E8-422B-A708-DD794C8C740C}.Release|Any CPU.Build.0 = Release|Any CPU
	EndGlobalSection
	GlobalSection(SolutionProperties) = preSolution
		HideSolutionNode = FALSE
	EndGlobalSection
EndGlobal
